
Microsoft Visual Studio Solution File, Format Version 12.00
# Visual Studio Version 17
VisualStudioVersion = 17.12.35707.178 d17.12
MinimumVisualStudioVersion = 10.0.40219.1
Project("{FAE04EC0-301F-11D3-BF4B-00C04F79EFBC}") = "BuildWeek_Api", "BuildWeek_Api\BuildWeek_Api.csproj", "{D5965D26-ECFF-4EA3-8C9A-6D709A7AC33F}"
EndProject
Global
	GlobalSection(SolutionConfigurationPlatforms) = preSolution
		Debug|Any CPU = Debug|Any CPU
		Release|Any CPU = Release|Any CPU
	EndGlobalSection
	GlobalSection(ProjectConfigurationPlatforms) = postSolution
		{D5965D26-ECFF-4EA3-8C9A-6D709A7AC33F}.Debug|Any CPU.ActiveCfg = Debug|Any CPU
		{D5965D26-ECFF-4EA3-8C9A-6D709A7AC33F}.Debug|Any CPU.Build.0 = Debug|Any CPU
		{D5965D26-ECFF-4EA3-8C9A-6D709A7AC33F}.Release|Any CPU.ActiveCfg = Release|Any CPU
		{D5965D26-ECFF-4EA3-8C9A-6D709A7AC33F}.Release|Any CPU.Build.0 = Release|Any CPU
	EndGlobalSection
	GlobalSection(SolutionProperties) = preSolution
		HideSolutionNode = FALSE
	EndGlobalSection
EndGlobal
